// !$*UTF8*$!
{
	archiveVersion = 1;
	classes = {
	};
	objectVersion = 48;
	objects = {

/* Begin PBXBuildFile section */
		AA4B4C151FF7A30C00E1790E /* AlbumTableViewController.swift in Sources */ = {isa = PBXBuildFile; fileRef = AA4B4C141FF7A30C00E1790E /* AlbumTableViewController.swift */; };
		AA7B50F920009FAC006488F3 /* AlbumTableViewCell.swift in Sources */ = {isa = PBXBuildFile; fileRef = AA7B50F820009FAC006488F3 /* AlbumTableViewCell.swift */; };
		AA7B50FF2000A12F006488F3 /* PravicyPhoto.xcdatamodeld in Sources */ = {isa = PBXBuildFile; fileRef = AA7B50FD2000A12F006488F3 /* PravicyPhoto.xcdatamodeld */; };
		AA7B51012000B983006488F3 /* UIColor-Extension.swift in Sources */ = {isa = PBXBuildFile; fileRef = AA7B51002000B983006488F3 /* UIColor-Extension.swift */; };
		AA7B51052000BD5F006488F3 /* BaseNavigationController.swift in Sources */ = {isa = PBXBuildFile; fileRef = AA7B51042000BD5F006488F3 /* BaseNavigationController.swift */; };
		AA7B51072000BE52006488F3 /* PhotoCollectionViewController.swift in Sources */ = {isa = PBXBuildFile; fileRef = AA7B51062000BE52006488F3 /* PhotoCollectionViewController.swift */; };
		AA8B8C071FF623DA00FE2038 /* AppDelegate.swift in Sources */ = {isa = PBXBuildFile; fileRef = AA8B8C061FF623DA00FE2038 /* AppDelegate.swift */; };
		AA8B8C0C1FF623DA00FE2038 /* Main.storyboard in Resources */ = {isa = PBXBuildFile; fileRef = AA8B8C0A1FF623DA00FE2038 /* Main.storyboard */; };
		AA8B8C0E1FF623DA00FE2038 /* Assets.xcassets in Resources */ = {isa = PBXBuildFile; fileRef = AA8B8C0D1FF623DA00FE2038 /* Assets.xcassets */; };
		AA8B8C111FF623DA00FE2038 /* LaunchScreen.storyboard in Resources */ = {isa = PBXBuildFile; fileRef = AA8B8C0F1FF623DA00FE2038 /* LaunchScreen.storyboard */; };
		AA8B8C271FF62D2B00FE2038 /* CalculatorViewController.swift in Sources */ = {isa = PBXBuildFile; fileRef = AA8B8C261FF62D2B00FE2038 /* CalculatorViewController.swift */; };
		AA8B8C2D1FF6353900FE2038 /* CalculatorServer.swift in Sources */ = {isa = PBXBuildFile; fileRef = AA8B8C2C1FF6353900FE2038 /* CalculatorServer.swift */; };
		AA8B8C2F1FF6354E00FE2038 /* CalculatorViewModel.swift in Sources */ = {isa = PBXBuildFile; fileRef = AA8B8C2E1FF6354E00FE2038 /* CalculatorViewModel.swift */; };
		AA8B8C321FF63D7800FE2038 /* CommonTool.swift in Sources */ = {isa = PBXBuildFile; fileRef = AA8B8C311FF63D7800FE2038 /* CommonTool.swift */; };
		AA8B8C341FF641AD00FE2038 /* GlobalConst.swift in Sources */ = {isa = PBXBuildFile; fileRef = AA8B8C331FF641AD00FE2038 /* GlobalConst.swift */; };
		AA8B8C361FF648BE00FE2038 /* PassBoardViewModel.swift in Sources */ = {isa = PBXBuildFile; fileRef = AA8B8C351FF648BE00FE2038 /* PassBoardViewModel.swift */; };
		AA8B8C381FF64A4500FE2038 /* CalaulatorProtocol.swift in Sources */ = {isa = PBXBuildFile; fileRef = AA8B8C371FF64A4500FE2038 /* CalaulatorProtocol.swift */; };
/* End PBXBuildFile section */

/* Begin PBXFileReference section */
		AA4B4C141FF7A30C00E1790E /* AlbumTableViewController.swift */ = {isa = PBXFileReference; lastKnownFileType = sourcecode.swift; path = AlbumTableViewController.swift; sourceTree = "<group>"; };
		AA7B50F820009FAC006488F3 /* AlbumTableViewCell.swift */ = {isa = PBXFileReference; lastKnownFileType = sourcecode.swift; path = AlbumTableViewCell.swift; sourceTree = "<group>"; };
		AA7B50FE2000A12F006488F3 /* PravicyPhoto.xcdatamodel */ = {isa = PBXFileReference; lastKnownFileType = wrapper.xcdatamodel; path = PravicyPhoto.xcdatamodel; sourceTree = "<group>"; };
		AA7B51002000B983006488F3 /* UIColor-Extension.swift */ = {isa = PBXFileReference; lastKnownFileType = sourcecode.swift; path = "UIColor-Extension.swift"; sourceTree = "<group>"; };
		AA7B51042000BD5F006488F3 /* BaseNavigationController.swift */ = {isa = PBXFileReference; lastKnownFileType = sourcecode.swift; path = BaseNavigationController.swift; sourceTree = "<group>"; };
		AA7B51062000BE52006488F3 /* PhotoCollectionViewController.swift */ = {isa = PBXFileReference; lastKnownFileType = sourcecode.swift; path = PhotoCollectionViewController.swift; sourceTree = "<group>"; };
		AA8B8C031FF623DA00FE2038 /* PravicyPhoto.app */ = {isa = PBXFileReference; explicitFileType = wrapper.application; includeInIndex = 0; path = PravicyPhoto.app; sourceTree = BUILT_PRODUCTS_DIR; };
		AA8B8C061FF623DA00FE2038 /* AppDelegate.swift */ = {isa = PBXFileReference; lastKnownFileType = sourcecode.swift; path = AppDelegate.swift; sourceTree = "<group>"; };
		AA8B8C0B1FF623DA00FE2038 /* Base */ = {isa = PBXFileReference; lastKnownFileType = file.storyboard; name = Base; path = Base.lproj/Main.storyboard; sourceTree = "<group>"; };
		AA8B8C0D1FF623DA00FE2038 /* Assets.xcassets */ = {isa = PBXFileReference; lastKnownFileType = folder.assetcatalog; path = Assets.xcassets; sourceTree = "<group>"; };
		AA8B8C101FF623DA00FE2038 /* Base */ = {isa = PBXFileReference; lastKnownFileType = file.storyboard; name = Base; path = Base.lproj/LaunchScreen.storyboard; sourceTree = "<group>"; };
		AA8B8C121FF623DA00FE2038 /* Info.plist */ = {isa = PBXFileReference; lastKnownFileType = text.plist.xml; path = Info.plist; sourceTree = "<group>"; };
		AA8B8C261FF62D2B00FE2038 /* CalculatorViewController.swift */ = {isa = PBXFileReference; fileEncoding = 4; lastKnownFileType = sourcecode.swift; path = CalculatorViewController.swift; sourceTree = "<group>"; };
		AA8B8C2C1FF6353900FE2038 /* CalculatorServer.swift */ = {isa = PBXFileReference; lastKnownFileType = sourcecode.swift; path = CalculatorServer.swift; sourceTree = "<group>"; };
		AA8B8C2E1FF6354E00FE2038 /* CalculatorViewModel.swift */ = {isa = PBXFileReference; lastKnownFileType = sourcecode.swift; path = CalculatorViewModel.swift; sourceTree = "<group>"; };
		AA8B8C311FF63D7800FE2038 /* CommonTool.swift */ = {isa = PBXFileReference; lastKnownFileType = sourcecode.swift; path = CommonTool.swift; sourceTree = "<group>"; };
		AA8B8C331FF641AD00FE2038 /* GlobalConst.swift */ = {isa = PBXFileReference; lastKnownFileType = sourcecode.swift; path = GlobalConst.swift; sourceTree = "<group>"; };
		AA8B8C351FF648BE00FE2038 /* PassBoardViewModel.swift */ = {isa = PBXFileReference; lastKnownFileType = sourcecode.swift; path = PassBoardViewModel.swift; sourceTree = "<group>"; };
		AA8B8C371FF64A4500FE2038 /* CalaulatorProtocol.swift */ = {isa = PBXFileReference; lastKnownFileType = sourcecode.swift; path = CalaulatorProtocol.swift; sourceTree = "<group>"; };
/* End PBXFileReference section */

/* Begin PBXFrameworksBuildPhase section */
		AA8B8C001FF623DA00FE2038 /* Frameworks */ = {
			isa = PBXFrameworksBuildPhase;
			buildActionMask = 2147483647;
			files = (
			);
			runOnlyForDeploymentPostprocessing = 0;
		};
/* End PBXFrameworksBuildPhase section */

/* Begin PBXGroup section */
		AA4B4C131FF7A2E800E1790E /* Controller */ = {
			isa = PBXGroup;
			children = (
				AA4B4C141FF7A30C00E1790E /* AlbumTableViewController.swift */,
				AA7B51062000BE52006488F3 /* PhotoCollectionViewController.swift */,
			);
			path = Controller;
			sourceTree = "<group>";
		};
		AA7B50F620009D8C006488F3 /* Model */ = {
			isa = PBXGroup;
			children = (
			);
			path = Model;
			sourceTree = "<group>";
		};
		AA7B50F720009D8C006488F3 /* View */ = {
			isa = PBXGroup;
			children = (
				AA7B50F820009FAC006488F3 /* AlbumTableViewCell.swift */,
			);
			path = View;
			sourceTree = "<group>";
		};
		AA7B51022000BD43006488F3 /* Main */ = {
			isa = PBXGroup;
			children = (
				AA7B51032000BD43006488F3 /* Controller */,
			);
			path = Main;
			sourceTree = "<group>";
		};
		AA7B51032000BD43006488F3 /* Controller */ = {
			isa = PBXGroup;
			children = (
				AA7B51042000BD5F006488F3 /* BaseNavigationController.swift */,
			);
			path = Controller;
			sourceTree = "<group>";
		};
		AA8B8BFA1FF623DA00FE2038 = {
			isa = PBXGroup;
			children = (
				AA8B8C051FF623DA00FE2038 /* PravicyPhoto */,
				AA8B8C041FF623DA00FE2038 /* Products */,
			);
			sourceTree = "<group>";
		};
		AA8B8C041FF623DA00FE2038 /* Products */ = {
			isa = PBXGroup;
			children = (
				AA8B8C031FF623DA00FE2038 /* PravicyPhoto.app */,
			);
			name = Products;
			sourceTree = "<group>";
		};
		AA8B8C051FF623DA00FE2038 /* PravicyPhoto */ = {
			isa = PBXGroup;
			children = (
				AA8B8C061FF623DA00FE2038 /* AppDelegate.swift */,
				AA8B8C1C1FF62B0100FE2038 /* Classes */,
				AA8B8C0A1FF623DA00FE2038 /* Main.storyboard */,
				AA8B8C0D1FF623DA00FE2038 /* Assets.xcassets */,
				AA8B8C0F1FF623DA00FE2038 /* LaunchScreen.storyboard */,
				AA8B8C121FF623DA00FE2038 /* Info.plist */,
				AA7B50FD2000A12F006488F3 /* PravicyPhoto.xcdatamodeld */,
			);
			path = PravicyPhoto;
			sourceTree = "<group>";
		};
		AA8B8C1C1FF62B0100FE2038 /* Classes */ = {
			isa = PBXGroup;
			children = (
				AA7B51022000BD43006488F3 /* Main */,
				AA8B8C301FF63D6400FE2038 /* Tools */,
				AA8B8C221FF62BB400FE2038 /* Photo */,
				AA8B8C1F1FF62B5700FE2038 /* Caculator */,
			);
			path = Classes;
			sourceTree = "<group>";
		};
		AA8B8C1F1FF62B5700FE2038 /* Caculator */ = {
			isa = PBXGroup;
			children = (
				AA8B8C251FF62D2B00FE2038 /* Controller */,
				AA8B8C231FF62D2B00FE2038 /* Server */,
				AA8B8C241FF62D2B00FE2038 /* ViewModel */,
			);
			path = Caculator;
			sourceTree = "<group>";
		};
		AA8B8C221FF62BB400FE2038 /* Photo */ = {
			isa = PBXGroup;
			children = (
				AA7B50F620009D8C006488F3 /* Model */,
				AA7B50F720009D8C006488F3 /* View */,
				AA4B4C131FF7A2E800E1790E /* Controller */,
			);
			path = Photo;
			sourceTree = "<group>";
		};
		AA8B8C231FF62D2B00FE2038 /* Server */ = {
			isa = PBXGroup;
			children = (
				AA8B8C2C1FF6353900FE2038 /* CalculatorServer.swift */,
			);
			path = Server;
			sourceTree = "<group>";
		};
		AA8B8C241FF62D2B00FE2038 /* ViewModel */ = {
			isa = PBXGroup;
			children = (
				AA8B8C371FF64A4500FE2038 /* CalaulatorProtocol.swift */,
				AA8B8C351FF648BE00FE2038 /* PassBoardViewModel.swift */,
				AA8B8C2E1FF6354E00FE2038 /* CalculatorViewModel.swift */,
			);
			path = ViewModel;
			sourceTree = "<group>";
		};
		AA8B8C251FF62D2B00FE2038 /* Controller */ = {
			isa = PBXGroup;
			children = (
				AA8B8C261FF62D2B00FE2038 /* CalculatorViewController.swift */,
			);
			path = Controller;
			sourceTree = "<group>";
		};
		AA8B8C301FF63D6400FE2038 /* Tools */ = {
			isa = PBXGroup;
			children = (
				AA8B8C311FF63D7800FE2038 /* CommonTool.swift */,
				AA8B8C331FF641AD00FE2038 /* GlobalConst.swift */,
				AA7B51002000B983006488F3 /* UIColor-Extension.swift */,
			);
			path = Tools;
			sourceTree = "<group>";
		};
/* End PBXGroup section */

/* Begin PBXNativeTarget section */
		AA8B8C021FF623DA00FE2038 /* PravicyPhoto */ = {
			isa = PBXNativeTarget;
			buildConfigurationList = AA8B8C151FF623DA00FE2038 /* Build configuration list for PBXNativeTarget "PravicyPhoto" */;
			buildPhases = (
				AA8B8BFF1FF623DA00FE2038 /* Sources */,
				AA8B8C001FF623DA00FE2038 /* Frameworks */,
				AA8B8C011FF623DA00FE2038 /* Resources */,
			);
			buildRules = (
			);
			dependencies = (
			);
			name = PravicyPhoto;
			productName = PravicyPhoto;
			productReference = AA8B8C031FF623DA00FE2038 /* PravicyPhoto.app */;
			productType = "com.apple.product-type.application";
		};
/* End PBXNativeTarget section */

/* Begin PBXProject section */
		AA8B8BFB1FF623DA00FE2038 /* Project object */ = {
			isa = PBXProject;
			attributes = {
				LastSwiftUpdateCheck = 0920;
				LastUpgradeCheck = 0920;
				ORGANIZATIONNAME = WHX;
				TargetAttributes = {
					AA8B8C021FF623DA00FE2038 = {
						CreatedOnToolsVersion = 9.2;
						ProvisioningStyle = Manual;
					};
				};
			};
			buildConfigurationList = AA8B8BFE1FF623DA00FE2038 /* Build configuration list for PBXProject "PravicyPhoto" */;
			compatibilityVersion = "Xcode 8.0";
			developmentRegion = en;
			hasScannedForEncodings = 0;
			knownRegions = (
				en,
				Base,
			);
			mainGroup = AA8B8BFA1FF623DA00FE2038;
			productRefGroup = AA8B8C041FF623DA00FE2038 /* Products */;
			projectDirPath = "";
			projectRoot = "";
			targets = (
				AA8B8C021FF623DA00FE2038 /* PravicyPhoto */,
			);
		};
/* End PBXProject section */

/* Begin PBXResourcesBuildPhase section */
		AA8B8C011FF623DA00FE2038 /* Resources */ = {
			isa = PBXResourcesBuildPhase;
			buildActionMask = 2147483647;
			files = (
				AA8B8C111FF623DA00FE2038 /* LaunchScreen.storyboard in Resources */,
				AA8B8C0E1FF623DA00FE2038 /* Assets.xcassets in Resources */,
				AA8B8C0C1FF623DA00FE2038 /* Main.storyboard in Resources */,
			);
			runOnlyForDeploymentPostprocessing = 0;
		};
/* End PBXResourcesBuildPhase section */

/* Begin PBXSourcesBuildPhase section */
		AA8B8BFF1FF623DA00FE2038 /* Sources */ = {
			isa = PBXSourcesBuildPhase;
			buildActionMask = 2147483647;
			files = (
				AA7B51052000BD5F006488F3 /* BaseNavigationController.swift in Sources */,
				AA8B8C321FF63D7800FE2038 /* CommonTool.swift in Sources */,
				AA7B51012000B983006488F3 /* UIColor-Extension.swift in Sources */,
				AA8B8C361FF648BE00FE2038 /* PassBoardViewModel.swift in Sources */,
				AA7B50FF2000A12F006488F3 /* PravicyPhoto.xcdatamodeld in Sources */,
				AA8B8C271FF62D2B00FE2038 /* CalculatorViewController.swift in Sources */,
				AA8B8C2D1FF6353900FE2038 /* CalculatorServer.swift in Sources */,
				AA8B8C2F1FF6354E00FE2038 /* CalculatorViewModel.swift in Sources */,
				AA7B50F920009FAC006488F3 /* AlbumTableViewCell.swift in Sources */,
				AA7B51072000BE52006488F3 /* PhotoCollectionViewController.swift in Sources */,
				AA8B8C381FF64A4500FE2038 /* CalaulatorProtocol.swift in Sources */,
				AA8B8C341FF641AD00FE2038 /* GlobalConst.swift in Sources */,
				AA4B4C151FF7A30C00E1790E /* AlbumTableViewController.swift in Sources */,
				AA8B8C071FF623DA00FE2038 /* AppDelegate.swift in Sources */,
			);
			runOnlyForDeploymentPostprocessing = 0;
		};
/* End PBXSourcesBuildPhase section */

/* Begin PBXVariantGroup section */
		AA8B8C0A1FF623DA00FE2038 /* Main.storyboard */ = {
			isa = PBXVariantGroup;
			children = (
				AA8B8C0B1FF623DA00FE2038 /* Base */,
			);
			name = Main.storyboard;
			sourceTree = "<group>";
		};
		AA8B8C0F1FF623DA00FE2038 /* LaunchScreen.storyboard */ = {
			isa = PBXVariantGroup;
			children = (
				AA8B8C101FF623DA00FE2038 /* Base */,
			);
			name = LaunchScreen.storyboard;
			sourceTree = "<group>";
		};
/* End PBXVariantGroup section */

/* Begin XCBuildConfiguration section */
		AA8B8C131FF623DA00FE2038 /* Debug */ = {
			isa = XCBuildConfiguration;
			buildSettings = {
				ALWAYS_SEARCH_USER_PATHS = NO;
				CLANG_ANALYZER_NONNULL = YES;
				CLANG_ANALYZER_NUMBER_OBJECT_CONVERSION = YES_AGGRESSIVE;
				CLANG_CXX_LANGUAGE_STANDARD = "gnu++14";
				CLANG_CXX_LIBRARY = "libc++";
				CLANG_ENABLE_MODULES = YES;
				CLANG_ENABLE_OBJC_ARC = YES;
				CLANG_WARN_BLOCK_CAPTURE_AUTORELEASING = YES;
				CLANG_WARN_BOOL_CONVERSION = YES;
				CLANG_WARN_COMMA = YES;
				CLANG_WARN_CONSTANT_CONVERSION = YES;
				CLANG_WARN_DIRECT_OBJC_ISA_USAGE = YES_ERROR;
				CLANG_WARN_DOCUMENTATION_COMMENTS = YES;
				CLANG_WARN_EMPTY_BODY = YES;
				CLANG_WARN_ENUM_CONVERSION = YES;
				CLANG_WARN_INFINITE_RECURSION = YES;
				CLANG_WARN_INT_CONVERSION = YES;
				CLANG_WARN_NON_LITERAL_NULL_CONVERSION = YES;
				CLANG_WARN_OBJC_LITERAL_CONVERSION = YES;
				CLANG_WARN_OBJC_ROOT_CLASS = YES_ERROR;
				CLANG_WARN_RANGE_LOOP_ANALYSIS = YES;
				CLANG_WARN_STRICT_PROTOTYPES = YES;
				CLANG_WARN_SUSPICIOUS_MOVE = YES;
				CLANG_WARN_UNGUARDED_AVAILABILITY = YES_AGGRESSIVE;
				CLANG_WARN_UNREACHABLE_CODE = YES;
				CLANG_WARN__DUPLICATE_METHOD_MATCH = YES;
				CODE_SIGN_IDENTITY = "iPhone Developer";
				COPY_PHASE_STRIP = NO;
				DEBUG_INFORMATION_FORMAT = dwarf;
				ENABLE_STRICT_OBJC_MSGSEND = YES;
				ENABLE_TESTABILITY = YES;
				GCC_C_LANGUAGE_STANDARD = gnu11;
				GCC_DYNAMIC_NO_PIC = NO;
				GCC_NO_COMMON_BLOCKS = YES;
				GCC_OPTIMIZATION_LEVEL = 0;
				GCC_PREPROCESSOR_DEFINITIONS = (
					"DEBUG=1",
					"$(inherited)",
				);
				GCC_WARN_64_TO_32_BIT_CONVERSION = YES;
				GCC_WARN_ABOUT_RETURN_TYPE = YES_ERROR;
				GCC_WARN_UNDECLARED_SELECTOR = YES;
				GCC_WARN_UNINITIALIZED_AUTOS = YES_AGGRESSIVE;
				GCC_WARN_UNUSED_FUNCTION = YES;
				GCC_WARN_UNUSED_VARIABLE = YES;
				IPHONEOS_DEPLOYMENT_TARGET = 11.2;
				MTL_ENABLE_DEBUG_INFO = YES;
				ONLY_ACTIVE_ARCH = YES;
				SDKROOT = iphoneos;
				SWIFT_ACTIVE_COMPILATION_CONDITIONS = DEBUG;
				SWIFT_OPTIMIZATION_LEVEL = "-Onone";
			};
			name = Debug;
		};
		AA8B8C141FF623DA00FE2038 /* Release */ = {
			isa = XCBuildConfiguration;
			buildSettings = {
				ALWAYS_SEARCH_USER_PATHS = NO;
				CLANG_ANALYZER_NONNULL = YES;
				CLANG_ANALYZER_NUMBER_OBJECT_CONVERSION = YES_AGGRESSIVE;
				CLANG_CXX_LANGUAGE_STANDARD = "gnu++14";
				CLANG_CXX_LIBRARY = "libc++";
				CLANG_ENABLE_MODULES = YES;
				CLANG_ENABLE_OBJC_ARC = YES;
				CLANG_WARN_BLOCK_CAPTURE_AUTORELEASING = YES;
				CLANG_WARN_BOOL_CONVERSION = YES;
				CLANG_WARN_COMMA = YES;
				CLANG_WARN_CONSTANT_CONVERSION = YES;
				CLANG_WARN_DIRECT_OBJC_ISA_USAGE = YES_ERROR;
				CLANG_WARN_DOCUMENTATION_COMMENTS = YES;
				CLANG_WARN_EMPTY_BODY = YES;
				CLANG_WARN_ENUM_CONVERSION = YES;
				CLANG_WARN_INFINITE_RECURSION = YES;
				CLANG_WARN_INT_CONVERSION = YES;
				CLANG_WARN_NON_LITERAL_NULL_CONVERSION = YES;
				CLANG_WARN_OBJC_LITERAL_CONVERSION = YES;
				CLANG_WARN_OBJC_ROOT_CLASS = YES_ERROR;
				CLANG_WARN_RANGE_LOOP_ANALYSIS = YES;
				CLANG_WARN_STRICT_PROTOTYPES = YES;
				CLANG_WARN_SUSPICIOUS_MOVE = YES;
				CLANG_WARN_UNGUARDED_AVAILABILITY = YES_AGGRESSIVE;
				CLANG_WARN_UNREACHABLE_CODE = YES;
				CLANG_WARN__DUPLICATE_METHOD_MATCH = YES;
				CODE_SIGN_IDENTITY = "iPhone Developer";
				COPY_PHASE_STRIP = NO;
				DEBUG_INFORMATION_FORMAT = "dwarf-with-dsym";
				ENABLE_NS_ASSERTIONS = NO;
				ENABLE_STRICT_OBJC_MSGSEND = YES;
				GCC_C_LANGUAGE_STANDARD = gnu11;
				GCC_NO_COMMON_BLOCKS = YES;
				GCC_WARN_64_TO_32_BIT_CONVERSION = YES;
				GCC_WARN_ABOUT_RETURN_TYPE = YES_ERROR;
				GCC_WARN_UNDECLARED_SELECTOR = YES;
				GCC_WARN_UNINITIALIZED_AUTOS = YES_AGGRESSIVE;
				GCC_WARN_UNUSED_FUNCTION = YES;
				GCC_WARN_UNUSED_VARIABLE = YES;
				IPHONEOS_DEPLOYMENT_TARGET = 11.2;
				MTL_ENABLE_DEBUG_INFO = NO;
				SDKROOT = iphoneos;
				SWIFT_OPTIMIZATION_LEVEL = "-Owholemodule";
				VALIDATE_PRODUCT = YES;
			};
			name = Release;
		};
		AA8B8C161FF623DA00FE2038 /* Debug */ = {
			isa = XCBuildConfiguration;
			buildSettings = {
				ASSETCATALOG_COMPILER_APPICON_NAME = AppIcon;
				CODE_SIGN_STYLE = Manual;
				DEVELOPMENT_TEAM = 77S76QM4E8;
				INFOPLIST_FILE = PravicyPhoto/Info.plist;
				IPHONEOS_DEPLOYMENT_TARGET = 10.0;
				LD_RUNPATH_SEARCH_PATHS = "$(inherited) @executable_path/Frameworks";
				PRODUCT_BUNDLE_IDENTIFIER = com.yixiu.tech.PravicyPhoto;
				PRODUCT_NAME = "$(TARGET_NAME)";
				PROVISIONING_PROFILE = "3a11775d-2349-459c-bd1c-ed573bbe72ae";
				PROVISIONING_PROFILE_SPECIFIER = YiXiuDev;
				SWIFT_VERSION = 4.0;
				TARGETED_DEVICE_FAMILY = 1;
			};
			name = Debug;
		};
		AA8B8C171FF623DA00FE2038 /* Release */ = {
			isa = XCBuildConfiguration;
			buildSettings = {
				ASSETCATALOG_COMPILER_APPICON_NAME = AppIcon;
				CODE_SIGN_STYLE = Manual;
				DEVELOPMENT_TEAM = 77S76QM4E8;
				INFOPLIST_FILE = PravicyPhoto/Info.plist;
				IPHONEOS_DEPLOYMENT_TARGET = 10.0;
				LD_RUNPATH_SEARCH_PATHS = "$(inherited) @executable_path/Frameworks";
				PRODUCT_BUNDLE_IDENTIFIER = com.yixiu.tech.PravicyPhoto;
				PRODUCT_NAME = "$(TARGET_NAME)";
				PROVISIONING_PROFILE = "3a11775d-2349-459c-bd1c-ed573bbe72ae";
				PROVISIONING_PROFILE_SPECIFIER = YiXiuDev;
				SWIFT_VERSION = 4.0;
				TARGETED_DEVICE_FAMILY = 1;
			};
			name = Release;
		};
/* End XCBuildConfiguration section */

/* Begin XCConfigurationList section */
		AA8B8BFE1FF623DA00FE2038 /* Build configuration list for PBXProject "PravicyPhoto" */ = {
			isa = XCConfigurationList;
			buildConfigurations = (
				AA8B8C131FF623DA00FE2038 /* Debug */,
				AA8B8C141FF623DA00FE2038 /* Release */,
			);
			defaultConfigurationIsVisible = 0;
			defaultConfigurationName = Release;
		};
		AA8B8C151FF623DA00FE2038 /* Build configuration list for PBXNativeTarget "PravicyPhoto" */ = {
			isa = XCConfigurationList;
			buildConfigurations = (
				AA8B8C161FF623DA00FE2038 /* Debug */,
				AA8B8C171FF623DA00FE2038 /* Release */,
			);
			defaultConfigurationIsVisible = 0;
			defaultConfigurationName = Release;
		};
/* End XCConfigurationList section */

/* Begin XCVersionGroup section */
		AA7B50FD2000A12F006488F3 /* PravicyPhoto.xcdatamodeld */ = {
			isa = XCVersionGroup;
			children = (
				AA7B50FE2000A12F006488F3 /* PravicyPhoto.xcdatamodel */,
			);
			currentVersion = AA7B50FE2000A12F006488F3 /* PravicyPhoto.xcdatamodel */;
			path = PravicyPhoto.xcdatamodeld;
			sourceTree = "<group>";
			versionGroupType = wrapper.xcdatamodel;
		};
/* End XCVersionGroup section */
	};
	rootObject = AA8B8BFB1FF623DA00FE2038 /* Project object */;
}
